
Microsoft Visual Studio Solution File, Format Version 12.00
# Visual Studio Version 16
VisualStudioVersion = 16.0.30011.22
MinimumVisualStudioVersion = 10.0.40219.1
Project("{9A19103F-16F7-4668-BE54-9A1E7A4F7556}") = "CoronaVirusCountry", "CoronaVirusCountry\CoronaVirusCountry.csproj", "{8EC841C5-6709-4F19-9341-B956E2154257}"
EndProject
Global
	GlobalSection(SolutionConfigurationPlatforms) = preSolution
		Debug|Any CPU = Debug|Any CPU
		Release|Any CPU = Release|Any CPU
	EndGlobalSection
	GlobalSection(ProjectConfigurationPlatforms) = postSolution
		{8EC841C5-6709-4F19-9341-B956E2154257}.Debug|Any CPU.ActiveCfg = Debug|Any CPU
		{8EC841C5-6709-4F19-9341-B956E2154257}.Debug|Any CPU.Build.0 = Debug|Any CPU
		{8EC841C5-6709-4F19-9341-B956E2154257}.Release|Any CPU.ActiveCfg = Release|Any CPU
		{8EC841C5-6709-4F19-9341-B956E2154257}.Release|Any CPU.Build.0 = Release|Any CPU
	EndGlobalSection
	GlobalSection(SolutionProperties) = preSolution
		HideSolutionNode = FALSE
	EndGlobalSection
	GlobalSection(ExtensibilityGlobals) = postSolution
		SolutionGuid = {5CDB34A3-280E-4379-9CDE-AD602264D7EA}
	EndGlobalSection
EndGlobal
