
Microsoft Visual Studio Solution File, Format Version 12.00
# Visual Studio Version 16
VisualStudioVersion = 16.0.30011.22
MinimumVisualStudioVersion = 10.0.40219.1
Project("{9A19103F-16F7-4668-BE54-9A1E7A4F7556}") = "CoronaVirusCountry", "CoronaVirusCountry\CoronaVirusCountry.csproj", "{8EC841C5-6709-4F19-9341-B956E2154257}"
EndProject
Project("{2150E333-8FDC-42A3-9474-1A3956D46DE8}") = "SimpleTrader", "SimpleTrader", "{1775BD5D-4B48-4E68-B5D0-FE9B9A1707C0}"
EndProject
Project("{9A19103F-16F7-4668-BE54-9A1E7A4F7556}") = "SimpleTrader.Domain", "SimpleTrader\SimpleTrader.Domain\SimpleTrader.Domain.csproj", "{2D6A5D1E-CCD1-4D8E-9524-87186EF9832E}"
EndProject
Project("{9A19103F-16F7-4668-BE54-9A1E7A4F7556}") = "SimpleTrader.Domain.Tests", "SimpleTrader\SimpleTrader.Domain.Tests\SimpleTrader.Domain.Tests.csproj", "{BEDAFBCD-AAA7-4B36-B269-2B92BD103DEC}"
EndProject
Project("{9A19103F-16F7-4668-BE54-9A1E7A4F7556}") = "SimpleTrader.EntityFramework", "SimpleTrader\SimpleTrader.EntityFramework\SimpleTrader.EntityFramework.csproj", "{82D099BB-850B-4130-9A07-22C78960B8F8}"
EndProject
Project("{9A19103F-16F7-4668-BE54-9A1E7A4F7556}") = "SimpleTrader.FinancialModelingPrepAPI", "SimpleTrader\SimpleTrader.FinancialModelingPrepAPI\SimpleTrader.FinancialModelingPrepAPI.csproj", "{B64A3B32-822F-4355-B8B2-C0DDF6B38125}"
EndProject
Project("{9A19103F-16F7-4668-BE54-9A1E7A4F7556}") = "SimpleTrader.WPF", "SimpleTrader\SimpleTrader.WPF\SimpleTrader.WPF.csproj", "{EE092A3D-158C-4C76-9559-47475E85D028}"
EndProject
Project("{FAE04EC0-301F-11D3-BF4B-00C04F79EFBC}") = "FontViewer", "FontViewer\FontViewer.csproj", "{6450F1F8-2CDF-48F1-A4F6-D96AE7D78C98}"
EndProject
Project("{2150E333-8FDC-42A3-9474-1A3956D46DE8}") = "TeachYourSelf", "TeachYourSelf", "{62FFBD77-B05B-49A8-AC09-D338EBC92E14}"
EndProject
Project("{FAE04EC0-301F-11D3-BF4B-00C04F79EFBC}") = "AlignmentAndMargin", "AlignmentAndMargin\AlignmentAndMargin.csproj", "{5CF3ECF9-79CB-4BFB-AD4A-CAA9B8619251}"
EndProject
Project("{FAE04EC0-301F-11D3-BF4B-00C04F79EFBC}") = "UseAGrid", "UseAGrid\UseAGrid.csproj", "{3D1A6B58-5496-46F1-9F90-9C20DAEDB94F}"
EndProject
Project("{FAE04EC0-301F-11D3-BF4B-00C04F79EFBC}") = "SimpleContactForm", "SimpleContactForm\SimpleContactForm.csproj", "{A810754C-5AFD-4D54-87A9-B20AFDCD93AA}"
EndProject
Project("{FAE04EC0-301F-11D3-BF4B-00C04F79EFBC}") = "AutomaticChangeNotification", "AutomaticChangeNotification\AutomaticChangeNotification.csproj", "{4278DDE1-F2F3-4B22-B428-046DDEC2246F}"
EndProject
Project("{FAE04EC0-301F-11D3-BF4B-00C04F79EFBC}") = "FontViewerXBAP", "FontViewerXBAP\FontViewerXBAP.csproj", "{DA983284-D37D-49B4-AECA-284CAA653354}"
EndProject
Project("{FAE04EC0-301F-11D3-BF4B-00C04F79EFBC}") = "NavigationApp", "NavigationApp\NavigationApp.csproj", "{374D7090-6041-4C41-AC26-0EE0DD4C9FAA}"
EndProject
Project("{FAE04EC0-301F-11D3-BF4B-00C04F79EFBC}") = "TextEditor", "TextEditor\TextEditor.csproj", "{83EF363E-6F01-45B3-B7E1-F1F84FC4C3E3}"
EndProject
Project("{FAE04EC0-301F-11D3-BF4B-00C04F79EFBC}") = "UnderstandingRoutedEventArgs", "UnderstandingRoutedEventArgs\UnderstandingRoutedEventArgs.csproj", "{F2A90297-B887-499B-8B1A-783EBEB6BBAD}"
EndProject
Project("{FAE04EC0-301F-11D3-BF4B-00C04F79EFBC}") = "GenericEventHandler", "GenericEventHandler\GenericEventHandler.csproj", "{373A79FC-D68B-4937-A19B-D9B3844110D0}"
EndProject
Project("{FAE04EC0-301F-11D3-BF4B-00C04F79EFBC}") = "PreviewEvents", "PreviewEvents\PreviewEvents.csproj", "{35435DAC-FF72-4532-A220-100BF24F99F2}"
EndProject
Project("{FAE04EC0-301F-11D3-BF4B-00C04F79EFBC}") = "ContactManager", "ContactManager\ContactManager.csproj", "{6AD8A75D-8686-4FA7-BC0B-7ED5CEBA90EA}"
EndProject
Global
	GlobalSection(SolutionConfigurationPlatforms) = preSolution
		Debug|Any CPU = Debug|Any CPU
		Release|Any CPU = Release|Any CPU
	EndGlobalSection
	GlobalSection(ProjectConfigurationPlatforms) = postSolution
		{8EC841C5-6709-4F19-9341-B956E2154257}.Debug|Any CPU.ActiveCfg = Debug|Any CPU
		{8EC841C5-6709-4F19-9341-B956E2154257}.Debug|Any CPU.Build.0 = Debug|Any CPU
		{8EC841C5-6709-4F19-9341-B956E2154257}.Release|Any CPU.ActiveCfg = Release|Any CPU
		{8EC841C5-6709-4F19-9341-B956E2154257}.Release|Any CPU.Build.0 = Release|Any CPU
		{2D6A5D1E-CCD1-4D8E-9524-87186EF9832E}.Debug|Any CPU.ActiveCfg = Debug|Any CPU
		{2D6A5D1E-CCD1-4D8E-9524-87186EF9832E}.Debug|Any CPU.Build.0 = Debug|Any CPU
		{2D6A5D1E-CCD1-4D8E-9524-87186EF9832E}.Release|Any CPU.ActiveCfg = Release|Any CPU
		{2D6A5D1E-CCD1-4D8E-9524-87186EF9832E}.Release|Any CPU.Build.0 = Release|Any CPU
		{BEDAFBCD-AAA7-4B36-B269-2B92BD103DEC}.Debug|Any CPU.ActiveCfg = Debug|Any CPU
		{BEDAFBCD-AAA7-4B36-B269-2B92BD103DEC}.Debug|Any CPU.Build.0 = Debug|Any CPU
		{BEDAFBCD-AAA7-4B36-B269-2B92BD103DEC}.Release|Any CPU.ActiveCfg = Release|Any CPU
		{BEDAFBCD-AAA7-4B36-B269-2B92BD103DEC}.Release|Any CPU.Build.0 = Release|Any CPU
		{82D099BB-850B-4130-9A07-22C78960B8F8}.Debug|Any CPU.ActiveCfg = Debug|Any CPU
		{82D099BB-850B-4130-9A07-22C78960B8F8}.Debug|Any CPU.Build.0 = Debug|Any CPU
		{82D099BB-850B-4130-9A07-22C78960B8F8}.Release|Any CPU.ActiveCfg = Release|Any CPU
		{82D099BB-850B-4130-9A07-22C78960B8F8}.Release|Any CPU.Build.0 = Release|Any CPU
		{B64A3B32-822F-4355-B8B2-C0DDF6B38125}.Debug|Any CPU.ActiveCfg = Debug|Any CPU
		{B64A3B32-822F-4355-B8B2-C0DDF6B38125}.Debug|Any CPU.Build.0 = Debug|Any CPU
		{B64A3B32-822F-4355-B8B2-C0DDF6B38125}.Release|Any CPU.ActiveCfg = Release|Any CPU
		{B64A3B32-822F-4355-B8B2-C0DDF6B38125}.Release|Any CPU.Build.0 = Release|Any CPU
		{EE092A3D-158C-4C76-9559-47475E85D028}.Debug|Any CPU.ActiveCfg = Debug|Any CPU
		{EE092A3D-158C-4C76-9559-47475E85D028}.Debug|Any CPU.Build.0 = Debug|Any CPU
		{EE092A3D-158C-4C76-9559-47475E85D028}.Release|Any CPU.ActiveCfg = Release|Any CPU
		{EE092A3D-158C-4C76-9559-47475E85D028}.Release|Any CPU.Build.0 = Release|Any CPU
		{6450F1F8-2CDF-48F1-A4F6-D96AE7D78C98}.Debug|Any CPU.ActiveCfg = Debug|Any CPU
		{6450F1F8-2CDF-48F1-A4F6-D96AE7D78C98}.Debug|Any CPU.Build.0 = Debug|Any CPU
		{6450F1F8-2CDF-48F1-A4F6-D96AE7D78C98}.Release|Any CPU.ActiveCfg = Release|Any CPU
		{6450F1F8-2CDF-48F1-A4F6-D96AE7D78C98}.Release|Any CPU.Build.0 = Release|Any CPU
		{5CF3ECF9-79CB-4BFB-AD4A-CAA9B8619251}.Debug|Any CPU.ActiveCfg = Debug|Any CPU
		{5CF3ECF9-79CB-4BFB-AD4A-CAA9B8619251}.Debug|Any CPU.Build.0 = Debug|Any CPU
		{5CF3ECF9-79CB-4BFB-AD4A-CAA9B8619251}.Release|Any CPU.ActiveCfg = Release|Any CPU
		{5CF3ECF9-79CB-4BFB-AD4A-CAA9B8619251}.Release|Any CPU.Build.0 = Release|Any CPU
		{3D1A6B58-5496-46F1-9F90-9C20DAEDB94F}.Debug|Any CPU.ActiveCfg = Debug|Any CPU
		{3D1A6B58-5496-46F1-9F90-9C20DAEDB94F}.Debug|Any CPU.Build.0 = Debug|Any CPU
		{3D1A6B58-5496-46F1-9F90-9C20DAEDB94F}.Release|Any CPU.ActiveCfg = Release|Any CPU
		{3D1A6B58-5496-46F1-9F90-9C20DAEDB94F}.Release|Any CPU.Build.0 = Release|Any CPU
		{A810754C-5AFD-4D54-87A9-B20AFDCD93AA}.Debug|Any CPU.ActiveCfg = Debug|Any CPU
		{A810754C-5AFD-4D54-87A9-B20AFDCD93AA}.Debug|Any CPU.Build.0 = Debug|Any CPU
		{A810754C-5AFD-4D54-87A9-B20AFDCD93AA}.Release|Any CPU.ActiveCfg = Release|Any CPU
		{A810754C-5AFD-4D54-87A9-B20AFDCD93AA}.Release|Any CPU.Build.0 = Release|Any CPU
		{4278DDE1-F2F3-4B22-B428-046DDEC2246F}.Debug|Any CPU.ActiveCfg = Debug|Any CPU
		{4278DDE1-F2F3-4B22-B428-046DDEC2246F}.Debug|Any CPU.Build.0 = Debug|Any CPU
		{4278DDE1-F2F3-4B22-B428-046DDEC2246F}.Release|Any CPU.ActiveCfg = Release|Any CPU
		{4278DDE1-F2F3-4B22-B428-046DDEC2246F}.Release|Any CPU.Build.0 = Release|Any CPU
		{DA983284-D37D-49B4-AECA-284CAA653354}.Debug|Any CPU.ActiveCfg = Debug|Any CPU
		{DA983284-D37D-49B4-AECA-284CAA653354}.Debug|Any CPU.Build.0 = Debug|Any CPU
		{DA983284-D37D-49B4-AECA-284CAA653354}.Release|Any CPU.ActiveCfg = Release|Any CPU
		{DA983284-D37D-49B4-AECA-284CAA653354}.Release|Any CPU.Build.0 = Release|Any CPU
		{374D7090-6041-4C41-AC26-0EE0DD4C9FAA}.Debug|Any CPU.ActiveCfg = Debug|Any CPU
		{374D7090-6041-4C41-AC26-0EE0DD4C9FAA}.Debug|Any CPU.Build.0 = Debug|Any CPU
		{374D7090-6041-4C41-AC26-0EE0DD4C9FAA}.Release|Any CPU.ActiveCfg = Release|Any CPU
		{374D7090-6041-4C41-AC26-0EE0DD4C9FAA}.Release|Any CPU.Build.0 = Release|Any CPU
		{83EF363E-6F01-45B3-B7E1-F1F84FC4C3E3}.Debug|Any CPU.ActiveCfg = Debug|Any CPU
		{83EF363E-6F01-45B3-B7E1-F1F84FC4C3E3}.Debug|Any CPU.Build.0 = Debug|Any CPU
		{83EF363E-6F01-45B3-B7E1-F1F84FC4C3E3}.Release|Any CPU.ActiveCfg = Release|Any CPU
		{83EF363E-6F01-45B3-B7E1-F1F84FC4C3E3}.Release|Any CPU.Build.0 = Release|Any CPU
		{F2A90297-B887-499B-8B1A-783EBEB6BBAD}.Debug|Any CPU.ActiveCfg = Debug|Any CPU
		{F2A90297-B887-499B-8B1A-783EBEB6BBAD}.Debug|Any CPU.Build.0 = Debug|Any CPU
		{F2A90297-B887-499B-8B1A-783EBEB6BBAD}.Release|Any CPU.ActiveCfg = Release|Any CPU
		{F2A90297-B887-499B-8B1A-783EBEB6BBAD}.Release|Any CPU.Build.0 = Release|Any CPU
		{373A79FC-D68B-4937-A19B-D9B3844110D0}.Debug|Any CPU.ActiveCfg = Debug|Any CPU
		{373A79FC-D68B-4937-A19B-D9B3844110D0}.Debug|Any CPU.Build.0 = Debug|Any CPU
		{373A79FC-D68B-4937-A19B-D9B3844110D0}.Release|Any CPU.ActiveCfg = Release|Any CPU
		{373A79FC-D68B-4937-A19B-D9B3844110D0}.Release|Any CPU.Build.0 = Release|Any CPU
		{35435DAC-FF72-4532-A220-100BF24F99F2}.Debug|Any CPU.ActiveCfg = Debug|Any CPU
		{35435DAC-FF72-4532-A220-100BF24F99F2}.Debug|Any CPU.Build.0 = Debug|Any CPU
		{35435DAC-FF72-4532-A220-100BF24F99F2}.Release|Any CPU.ActiveCfg = Release|Any CPU
		{35435DAC-FF72-4532-A220-100BF24F99F2}.Release|Any CPU.Build.0 = Release|Any CPU
		{6AD8A75D-8686-4FA7-BC0B-7ED5CEBA90EA}.Debug|Any CPU.ActiveCfg = Debug|Any CPU
		{6AD8A75D-8686-4FA7-BC0B-7ED5CEBA90EA}.Debug|Any CPU.Build.0 = Debug|Any CPU
		{6AD8A75D-8686-4FA7-BC0B-7ED5CEBA90EA}.Release|Any CPU.ActiveCfg = Release|Any CPU
		{6AD8A75D-8686-4FA7-BC0B-7ED5CEBA90EA}.Release|Any CPU.Build.0 = Release|Any CPU
	EndGlobalSection
	GlobalSection(SolutionProperties) = preSolution
		HideSolutionNode = FALSE
	EndGlobalSection
	GlobalSection(NestedProjects) = preSolution
		{2D6A5D1E-CCD1-4D8E-9524-87186EF9832E} = {1775BD5D-4B48-4E68-B5D0-FE9B9A1707C0}
		{BEDAFBCD-AAA7-4B36-B269-2B92BD103DEC} = {1775BD5D-4B48-4E68-B5D0-FE9B9A1707C0}
		{82D099BB-850B-4130-9A07-22C78960B8F8} = {1775BD5D-4B48-4E68-B5D0-FE9B9A1707C0}
		{B64A3B32-822F-4355-B8B2-C0DDF6B38125} = {1775BD5D-4B48-4E68-B5D0-FE9B9A1707C0}
		{EE092A3D-158C-4C76-9559-47475E85D028} = {1775BD5D-4B48-4E68-B5D0-FE9B9A1707C0}
		{6450F1F8-2CDF-48F1-A4F6-D96AE7D78C98} = {62FFBD77-B05B-49A8-AC09-D338EBC92E14}
		{5CF3ECF9-79CB-4BFB-AD4A-CAA9B8619251} = {62FFBD77-B05B-49A8-AC09-D338EBC92E14}
		{3D1A6B58-5496-46F1-9F90-9C20DAEDB94F} = {62FFBD77-B05B-49A8-AC09-D338EBC92E14}
		{A810754C-5AFD-4D54-87A9-B20AFDCD93AA} = {62FFBD77-B05B-49A8-AC09-D338EBC92E14}
		{4278DDE1-F2F3-4B22-B428-046DDEC2246F} = {62FFBD77-B05B-49A8-AC09-D338EBC92E14}
		{DA983284-D37D-49B4-AECA-284CAA653354} = {62FFBD77-B05B-49A8-AC09-D338EBC92E14}
		{374D7090-6041-4C41-AC26-0EE0DD4C9FAA} = {62FFBD77-B05B-49A8-AC09-D338EBC92E14}
		{83EF363E-6F01-45B3-B7E1-F1F84FC4C3E3} = {62FFBD77-B05B-49A8-AC09-D338EBC92E14}
		{F2A90297-B887-499B-8B1A-783EBEB6BBAD} = {62FFBD77-B05B-49A8-AC09-D338EBC92E14}
		{373A79FC-D68B-4937-A19B-D9B3844110D0} = {62FFBD77-B05B-49A8-AC09-D338EBC92E14}
		{35435DAC-FF72-4532-A220-100BF24F99F2} = {62FFBD77-B05B-49A8-AC09-D338EBC92E14}
		{6AD8A75D-8686-4FA7-BC0B-7ED5CEBA90EA} = {62FFBD77-B05B-49A8-AC09-D338EBC92E14}
	EndGlobalSection
	GlobalSection(ExtensibilityGlobals) = postSolution
		SolutionGuid = {5CDB34A3-280E-4379-9CDE-AD602264D7EA}
	EndGlobalSection
EndGlobal
